
Microsoft Visual Studio Solution File, Format Version 12.00
Project("{FAE04EC0-301F-11D3-BF4B-00C04F79EFBC}") = "Fibonacci", "Fibonacci\Fibonacci.csproj", "{21145637-CD06-42A8-B089-1F4ECAEB2B56}"
EndProject
Project("{FAE04EC0-301F-11D3-BF4B-00C04F79EFBC}") = "Factorial", "Factorial\Factorial.csproj", "{B2266720-B610-43DC-8CD3-799FA2D66028}"
EndProject
Project("{FAE04EC0-301F-11D3-BF4B-00C04F79EFBC}") = "GCD_Recursive", "GCD_Recursive\GCD_Recursive.csproj", "{59CEC4E6-4017-45A3-9015-84F6C1CC315E}"
EndProject
Project("{FAE04EC0-301F-11D3-BF4B-00C04F79EFBC}") = "GCD_Iterative", "GCD_Iterative\GCD_Iterative.csproj", "{ECCC18EC-792A-4F67-AEDE-79113416E005}"
EndProject
Project("{FAE04EC0-301F-11D3-BF4B-00C04F79EFBC}") = "FractionSimpler", "FractionSimpler\FractionSimpler.csproj", "{2A8B6ECA-9749-447E-9367-3280BD7CF2BE}"
EndProject
Project("{FAE04EC0-301F-11D3-BF4B-00C04F79EFBC}") = "DigestNum_Iterative", "DigestNum_Iterative\DigestNum_Iterative.csproj", "{354621D9-A495-4033-AD05-7B60A253DFED}"
EndProject
Project("{FAE04EC0-301F-11D3-BF4B-00C04F79EFBC}") = "DigestNum_Recursive", "DigestNum_Recursive\DigestNum_Recursive.csproj", "{659D515E-1DB7-4C22-A64E-340FE88998B3}"
EndProject
Project("{FAE04EC0-301F-11D3-BF4B-00C04F79EFBC}") = "PowerOfTen", "PowerOfTen\PowerOfTen.csproj", "{98F798D8-BA0F-4B65-AEEE-016EBA0F2EC5}"
EndProject
Global
	GlobalSection(SolutionConfigurationPlatforms) = preSolution
		Debug|Any CPU = Debug|Any CPU
		Release|Any CPU = Release|Any CPU
	EndGlobalSection
	GlobalSection(ProjectConfigurationPlatforms) = postSolution
		{21145637-CD06-42A8-B089-1F4ECAEB2B56}.Debug|Any CPU.ActiveCfg = Debug|Any CPU
		{21145637-CD06-42A8-B089-1F4ECAEB2B56}.Debug|Any CPU.Build.0 = Debug|Any CPU
		{21145637-CD06-42A8-B089-1F4ECAEB2B56}.Release|Any CPU.ActiveCfg = Release|Any CPU
		{21145637-CD06-42A8-B089-1F4ECAEB2B56}.Release|Any CPU.Build.0 = Release|Any CPU
		{B2266720-B610-43DC-8CD3-799FA2D66028}.Debug|Any CPU.ActiveCfg = Debug|Any CPU
		{B2266720-B610-43DC-8CD3-799FA2D66028}.Debug|Any CPU.Build.0 = Debug|Any CPU
		{B2266720-B610-43DC-8CD3-799FA2D66028}.Release|Any CPU.ActiveCfg = Release|Any CPU
		{B2266720-B610-43DC-8CD3-799FA2D66028}.Release|Any CPU.Build.0 = Release|Any CPU
		{59CEC4E6-4017-45A3-9015-84F6C1CC315E}.Debug|Any CPU.ActiveCfg = Debug|Any CPU
		{59CEC4E6-4017-45A3-9015-84F6C1CC315E}.Debug|Any CPU.Build.0 = Debug|Any CPU
		{59CEC4E6-4017-45A3-9015-84F6C1CC315E}.Release|Any CPU.ActiveCfg = Release|Any CPU
		{59CEC4E6-4017-45A3-9015-84F6C1CC315E}.Release|Any CPU.Build.0 = Release|Any CPU
		{ECCC18EC-792A-4F67-AEDE-79113416E005}.Debug|Any CPU.ActiveCfg = Debug|Any CPU
		{ECCC18EC-792A-4F67-AEDE-79113416E005}.Debug|Any CPU.Build.0 = Debug|Any CPU
		{ECCC18EC-792A-4F67-AEDE-79113416E005}.Release|Any CPU.ActiveCfg = Release|Any CPU
		{ECCC18EC-792A-4F67-AEDE-79113416E005}.Release|Any CPU.Build.0 = Release|Any CPU
		{2A8B6ECA-9749-447E-9367-3280BD7CF2BE}.Debug|Any CPU.ActiveCfg = Debug|Any CPU
		{2A8B6ECA-9749-447E-9367-3280BD7CF2BE}.Debug|Any CPU.Build.0 = Debug|Any CPU
		{2A8B6ECA-9749-447E-9367-3280BD7CF2BE}.Release|Any CPU.ActiveCfg = Release|Any CPU
		{2A8B6ECA-9749-447E-9367-3280BD7CF2BE}.Release|Any CPU.Build.0 = Release|Any CPU
		{354621D9-A495-4033-AD05-7B60A253DFED}.Debug|Any CPU.ActiveCfg = Debug|Any CPU
		{354621D9-A495-4033-AD05-7B60A253DFED}.Debug|Any CPU.Build.0 = Debug|Any CPU
		{354621D9-A495-4033-AD05-7B60A253DFED}.Release|Any CPU.ActiveCfg = Release|Any CPU
		{354621D9-A495-4033-AD05-7B60A253DFED}.Release|Any CPU.Build.0 = Release|Any CPU
		{659D515E-1DB7-4C22-A64E-340FE88998B3}.Debug|Any CPU.ActiveCfg = Debug|Any CPU
		{659D515E-1DB7-4C22-A64E-340FE88998B3}.Debug|Any CPU.Build.0 = Debug|Any CPU
		{659D515E-1DB7-4C22-A64E-340FE88998B3}.Release|Any CPU.ActiveCfg = Release|Any CPU
		{659D515E-1DB7-4C22-A64E-340FE88998B3}.Release|Any CPU.Build.0 = Release|Any CPU
		{98F798D8-BA0F-4B65-AEEE-016EBA0F2EC5}.Debug|Any CPU.ActiveCfg = Debug|Any CPU
		{98F798D8-BA0F-4B65-AEEE-016EBA0F2EC5}.Debug|Any CPU.Build.0 = Debug|Any CPU
		{98F798D8-BA0F-4B65-AEEE-016EBA0F2EC5}.Release|Any CPU.ActiveCfg = Release|Any CPU
		{98F798D8-BA0F-4B65-AEEE-016EBA0F2EC5}.Release|Any CPU.Build.0 = Release|Any CPU
	EndGlobalSection
EndGlobal
